# This file was autogenerated by Stack.
# You should not edit this file by hand.
# For more information, please see the documentation at:
#   https://docs.haskellstack.org/en/stable/lock_files

packages:
- completed:
    hackage: attoparsec-uri-0.0.6@sha256:dc8e044ba86e9c2d9fd4d795b430103c794a217e89118170911e6990258208b1,1805
    pantry-tree:
      sha256: 50fcc6cc89daf4438ce5240c92e8ddf1ef6879f686c46e74c8a8d68c98e092aa
      size: 440
  original:
    hackage: attoparsec-uri-0.0.6
snapshots:
- completed:
    sha256: 9313df78f49519315342f4c51ffc5da12659d3735f8ac3c54a1fb98ff874474e
    size: 640036
    url: https://raw.githubusercontent.com/commercialhaskell/stackage-snapshots/master/lts/21/12.yaml
  original: lts-21.12
