# This file was autogenerated by Stack.
# You should not edit this file by hand.
# For more information, please see the documentation at:
#   https://docs.haskellstack.org/en/stable/lock_files

packages:
- completed:
    hackage: path-extra-0.3.1@sha256:d426d96796847c73083bb1c87a63a5062bc0e3798b60871450e4d4ddbde17905,1545
    pantry-tree:
      sha256: 95d5c99d2f4a6bdb4611335e65e84de13d1b9b49ef2a33234c57d1be836cc4d7
      size: 317
  original:
    hackage: path-extra-0.3.1
- completed:
    hackage: attoparsec-uri-0.0.9@sha256:fde52f7bbac8d94d443a795395b6c9574226c8d6c66eda892c9ae212d01fa1d9,1741
    pantry-tree:
      sha256: 6e7392e27e245673314dee0e7aba2f7cdaa8acc19639365629abb2152ef63985
      size: 442
  original:
    hackage: attoparsec-uri-0.0.9
- completed:
    hackage: monad-control-aligned-0.0.2@sha256:463cb1b6225fb0add887fd16d42be3e7857ab46b8d6e50d4e018335127759d4c,2409
    pantry-tree:
      sha256: 385d60a80eca8aec5442f6a440436ff5633641b1be20c61543df7d9d7acb95fb
      size: 308
  original:
    hackage: monad-control-aligned-0.0.2
snapshots:
- completed:
    sha256: afd5ba64ab602cabc2d3942d3d7e7dd6311bc626dcb415b901eaf576cb62f0ea
    size: 640060
    url: https://raw.githubusercontent.com/commercialhaskell/stackage-snapshots/master/lts/21/22.yaml
  original: lts-21.22
